
Microsoft Visual Studio Solution File, Format Version 12.00
# Visual Studio 14
VisualStudioVersion = 14.0.25123.0
MinimumVisualStudioVersion = 10.0.40219.1
Project("{FAE04EC0-301F-11D3-BF4B-00C04F79EFBC}") = "Server", "Server\Server.csproj", "{5C246794-FCC8-4521-9D93-6CCFCE296B0E}"
EndProject
Project("{FAE04EC0-301F-11D3-BF4B-00C04F79EFBC}") = "Client", "Client\Client.csproj", "{DBF22EB3-0B1C-4C45-9C76-818DEB6D9379}"
EndProject
Project("{FAE04EC0-301F-11D3-BF4B-00C04F79EFBC}") = "Utils", "Utils\Utils.csproj", "{9EBF9258-B3C9-4FB9-9A01-DFB0CBECE33B}"
EndProject
Project("{FAE04EC0-301F-11D3-BF4B-00C04F79EFBC}") = "Commands", "Commands\Commands.csproj", "{40CFE9DB-A81A-4571-ACC4-AFE29DEFA703}"
EndProject
Global
	GlobalSection(SolutionConfigurationPlatforms) = preSolution
		Debug|Any CPU = Debug|Any CPU
		Release|Any CPU = Release|Any CPU
	EndGlobalSection
	GlobalSection(ProjectConfigurationPlatforms) = postSolution
		{5C246794-FCC8-4521-9D93-6CCFCE296B0E}.Debug|Any CPU.ActiveCfg = Debug|Any CPU
		{5C246794-FCC8-4521-9D93-6CCFCE296B0E}.Debug|Any CPU.Build.0 = Debug|Any CPU
		{5C246794-FCC8-4521-9D93-6CCFCE296B0E}.Release|Any CPU.ActiveCfg = Release|Any CPU
		{5C246794-FCC8-4521-9D93-6CCFCE296B0E}.Release|Any CPU.Build.0 = Release|Any CPU
		{DBF22EB3-0B1C-4C45-9C76-818DEB6D9379}.Debug|Any CPU.ActiveCfg = Debug|Any CPU
		{DBF22EB3-0B1C-4C45-9C76-818DEB6D9379}.Debug|Any CPU.Build.0 = Debug|Any CPU
		{DBF22EB3-0B1C-4C45-9C76-818DEB6D9379}.Release|Any CPU.ActiveCfg = Release|Any CPU
		{DBF22EB3-0B1C-4C45-9C76-818DEB6D9379}.Release|Any CPU.Build.0 = Release|Any CPU
		{9EBF9258-B3C9-4FB9-9A01-DFB0CBECE33B}.Debug|Any CPU.ActiveCfg = Debug|Any CPU
		{9EBF9258-B3C9-4FB9-9A01-DFB0CBECE33B}.Debug|Any CPU.Build.0 = Debug|Any CPU
		{9EBF9258-B3C9-4FB9-9A01-DFB0CBECE33B}.Release|Any CPU.ActiveCfg = Release|Any CPU
		{9EBF9258-B3C9-4FB9-9A01-DFB0CBECE33B}.Release|Any CPU.Build.0 = Release|Any CPU
		{40CFE9DB-A81A-4571-ACC4-AFE29DEFA703}.Debug|Any CPU.ActiveCfg = Debug|Any CPU
		{40CFE9DB-A81A-4571-ACC4-AFE29DEFA703}.Debug|Any CPU.Build.0 = Debug|Any CPU
		{40CFE9DB-A81A-4571-ACC4-AFE29DEFA703}.Release|Any CPU.ActiveCfg = Release|Any CPU
		{40CFE9DB-A81A-4571-ACC4-AFE29DEFA703}.Release|Any CPU.Build.0 = Release|Any CPU
	EndGlobalSection
	GlobalSection(SolutionProperties) = preSolution
		HideSolutionNode = FALSE
	EndGlobalSection
EndGlobal
